
Microsoft Visual Studio Solution File, Format Version 12.00
# Visual Studio Version 17
VisualStudioVersion = 17.14.36705.20 d17.14
MinimumVisualStudioVersion = 10.0.40219.1
Project("{FAE04EC0-301F-11D3-BF4B-00C04F79EFBC}") = "PIZZGRA", "PIZZGRA.csproj", "{833E5DCB-390F-75B3-D355-4F25778F5644}"
EndProject
Global
	GlobalSection(SolutionConfigurationPlatforms) = preSolution
		Debug|Any CPU = Debug|Any CPU
		Release|Any CPU = Release|Any CPU
	EndGlobalSection
	GlobalSection(ProjectConfigurationPlatforms) = postSolution
		{833E5DCB-390F-75B3-D355-4F25778F5644}.Debug|Any CPU.ActiveCfg = Debug|Any CPU
		{833E5DCB-390F-75B3-D355-4F25778F5644}.Debug|Any CPU.Build.0 = Debug|Any CPU
		{833E5DCB-390F-75B3-D355-4F25778F5644}.Release|Any CPU.ActiveCfg = Release|Any CPU
		{833E5DCB-390F-75B3-D355-4F25778F5644}.Release|Any CPU.Build.0 = Release|Any CPU
	EndGlobalSection
	GlobalSection(SolutionProperties) = preSolution
		HideSolutionNode = FALSE
	EndGlobalSection
	GlobalSection(ExtensibilityGlobals) = postSolution
		SolutionGuid = {F1CB8BB7-38BF-4D6D-ABE1-0B252CCB293B}
	EndGlobalSection
EndGlobal
