
Microsoft Visual Studio Solution File, Format Version 12.00
# Visual Studio Version 17
VisualStudioVersion = 17.11.35327.3
MinimumVisualStudioVersion = 10.0.40219.1
Project("{9A19103F-16F7-4668-BE54-9A1E7A4F7556}") = "PizzaExpress", "PizzaExpress.csproj", "{70998844-DDF7-4CF5-9A2F-CF6EA82FDFDA}"
EndProject
Project("{FAE04EC0-301F-11D3-BF4B-00C04F79EFBC}") = "PizzaClient", "..\PizzaClient\PizzaClient.csproj", "{E0C32CFF-146F-41E7-BD34-BB80A723B88E}"
EndProject
Global
	GlobalSection(SolutionConfigurationPlatforms) = preSolution
		Debug|Any CPU = Debug|Any CPU
		Release|Any CPU = Release|Any CPU
	EndGlobalSection
	GlobalSection(ProjectConfigurationPlatforms) = postSolution
		{70998844-DDF7-4CF5-9A2F-CF6EA82FDFDA}.Debug|Any CPU.ActiveCfg = Debug|Any CPU
		{70998844-DDF7-4CF5-9A2F-CF6EA82FDFDA}.Debug|Any CPU.Build.0 = Debug|Any CPU
		{70998844-DDF7-4CF5-9A2F-CF6EA82FDFDA}.Release|Any CPU.ActiveCfg = Release|Any CPU
		{70998844-DDF7-4CF5-9A2F-CF6EA82FDFDA}.Release|Any CPU.Build.0 = Release|Any CPU
		{E0C32CFF-146F-41E7-BD34-BB80A723B88E}.Debug|Any CPU.ActiveCfg = Debug|Any CPU
		{E0C32CFF-146F-41E7-BD34-BB80A723B88E}.Debug|Any CPU.Build.0 = Debug|Any CPU
		{E0C32CFF-146F-41E7-BD34-BB80A723B88E}.Release|Any CPU.ActiveCfg = Release|Any CPU
		{E0C32CFF-146F-41E7-BD34-BB80A723B88E}.Release|Any CPU.Build.0 = Release|Any CPU
	EndGlobalSection
	GlobalSection(SolutionProperties) = preSolution
		HideSolutionNode = FALSE
	EndGlobalSection
	GlobalSection(ExtensibilityGlobals) = postSolution
		SolutionGuid = {B1AF96EC-ECAB-4756-9DE5-98E8BF9B86A4}
	EndGlobalSection
EndGlobal
